
Microsoft Visual Studio Solution File, Format Version 12.00
# Visual Studio Version 16
VisualStudioVersion = 16.0.35325.158
MinimumVisualStudioVersion = 10.0.40219.1
Project("{FAE04EC0-301F-11D3-BF4B-00C04F79EFBC}") = "CODE_WebQao", "CODE_WebQao.csproj", "{67BFC6C4-4176-40F0-83C0-23DC28D8485B}"
EndProject
Global
	GlobalSection(SolutionConfigurationPlatforms) = preSolution
		Debug|Any CPU = Debug|Any CPU
		Release|Any CPU = Release|Any CPU
	EndGlobalSection
	GlobalSection(ProjectConfigurationPlatforms) = postSolution
		{67BFC6C4-4176-40F0-83C0-23DC28D8485B}.Debug|Any CPU.ActiveCfg = Debug|Any CPU
		{67BFC6C4-4176-40F0-83C0-23DC28D8485B}.Debug|Any CPU.Build.0 = Debug|Any CPU
		{67BFC6C4-4176-40F0-83C0-23DC28D8485B}.Release|Any CPU.ActiveCfg = Release|Any CPU
		{67BFC6C4-4176-40F0-83C0-23DC28D8485B}.Release|Any CPU.Build.0 = Release|Any CPU
	EndGlobalSection
	GlobalSection(SolutionProperties) = preSolution
		HideSolutionNode = FALSE
	EndGlobalSection
	GlobalSection(ExtensibilityGlobals) = postSolution
		SolutionGuid = {908BF0AD-22E1-42EF-8F4E-FF93D9002DE8}
	EndGlobalSection
EndGlobal
